
Microsoft Visual Studio Solution File, Format Version 12.00
# Visual Studio 15
VisualStudioVersion = 15.0.26124.0
MinimumVisualStudioVersion = 15.0.26124.0
Project("{FAE04EC0-301F-11D3-BF4B-00C04F79EFBC}") = "VoidCore.Model", "src\VoidCore.Model\VoidCore.Model.csproj", "{BA8E213E-1C7C-4E04-8161-B4607AE45DFF}"
EndProject
Project("{FAE04EC0-301F-11D3-BF4B-00C04F79EFBC}") = "VoidCore.AspNet", "src\VoidCore.AspNet\VoidCore.AspNet.csproj", "{3D5E3542-55FA-4981-87E4-23D87E7280CF}"
EndProject
Project("{FAE04EC0-301F-11D3-BF4B-00C04F79EFBC}") = "VoidCore.Test", "tests\VoidCore.Test\VoidCore.Test.csproj", "{A624C3C3-8147-4626-9E1E-457C123D1B1E}"
EndProject
Project("{FAE04EC0-301F-11D3-BF4B-00C04F79EFBC}") = "VoidCore.Domain", "src\VoidCore.Domain\VoidCore.Domain.csproj", "{34548EFC-EB3F-4144-8D8D-3DEE4EE03644}"
EndProject
Global
	GlobalSection(SolutionConfigurationPlatforms) = preSolution
		Debug|Any CPU = Debug|Any CPU
		Debug|x64 = Debug|x64
		Debug|x86 = Debug|x86
		Release|Any CPU = Release|Any CPU
		Release|x64 = Release|x64
		Release|x86 = Release|x86
	EndGlobalSection
	GlobalSection(SolutionProperties) = preSolution
		HideSolutionNode = FALSE
	EndGlobalSection
	GlobalSection(ProjectConfigurationPlatforms) = postSolution
		{BA8E213E-1C7C-4E04-8161-B4607AE45DFF}.Debug|Any CPU.ActiveCfg = Debug|Any CPU
		{BA8E213E-1C7C-4E04-8161-B4607AE45DFF}.Debug|Any CPU.Build.0 = Debug|Any CPU
		{BA8E213E-1C7C-4E04-8161-B4607AE45DFF}.Debug|x64.ActiveCfg = Debug|Any CPU
		{BA8E213E-1C7C-4E04-8161-B4607AE45DFF}.Debug|x64.Build.0 = Debug|Any CPU
		{BA8E213E-1C7C-4E04-8161-B4607AE45DFF}.Debug|x86.ActiveCfg = Debug|Any CPU
		{BA8E213E-1C7C-4E04-8161-B4607AE45DFF}.Debug|x86.Build.0 = Debug|Any CPU
		{BA8E213E-1C7C-4E04-8161-B4607AE45DFF}.Release|Any CPU.ActiveCfg = Release|Any CPU
		{BA8E213E-1C7C-4E04-8161-B4607AE45DFF}.Release|Any CPU.Build.0 = Release|Any CPU
		{BA8E213E-1C7C-4E04-8161-B4607AE45DFF}.Release|x64.ActiveCfg = Release|Any CPU
		{BA8E213E-1C7C-4E04-8161-B4607AE45DFF}.Release|x64.Build.0 = Release|Any CPU
		{BA8E213E-1C7C-4E04-8161-B4607AE45DFF}.Release|x86.ActiveCfg = Release|Any CPU
		{BA8E213E-1C7C-4E04-8161-B4607AE45DFF}.Release|x86.Build.0 = Release|Any CPU
		{3D5E3542-55FA-4981-87E4-23D87E7280CF}.Debug|Any CPU.ActiveCfg = Debug|Any CPU
		{3D5E3542-55FA-4981-87E4-23D87E7280CF}.Debug|Any CPU.Build.0 = Debug|Any CPU
		{3D5E3542-55FA-4981-87E4-23D87E7280CF}.Debug|x64.ActiveCfg = Debug|Any CPU
		{3D5E3542-55FA-4981-87E4-23D87E7280CF}.Debug|x64.Build.0 = Debug|Any CPU
		{3D5E3542-55FA-4981-87E4-23D87E7280CF}.Debug|x86.ActiveCfg = Debug|Any CPU
		{3D5E3542-55FA-4981-87E4-23D87E7280CF}.Debug|x86.Build.0 = Debug|Any CPU
		{3D5E3542-55FA-4981-87E4-23D87E7280CF}.Release|Any CPU.ActiveCfg = Release|Any CPU
		{3D5E3542-55FA-4981-87E4-23D87E7280CF}.Release|Any CPU.Build.0 = Release|Any CPU
		{3D5E3542-55FA-4981-87E4-23D87E7280CF}.Release|x64.ActiveCfg = Release|Any CPU
		{3D5E3542-55FA-4981-87E4-23D87E7280CF}.Release|x64.Build.0 = Release|Any CPU
		{3D5E3542-55FA-4981-87E4-23D87E7280CF}.Release|x86.ActiveCfg = Release|Any CPU
		{3D5E3542-55FA-4981-87E4-23D87E7280CF}.Release|x86.Build.0 = Release|Any CPU
		{A624C3C3-8147-4626-9E1E-457C123D1B1E}.Debug|Any CPU.ActiveCfg = Debug|Any CPU
		{A624C3C3-8147-4626-9E1E-457C123D1B1E}.Debug|Any CPU.Build.0 = Debug|Any CPU
		{A624C3C3-8147-4626-9E1E-457C123D1B1E}.Debug|x64.ActiveCfg = Debug|Any CPU
		{A624C3C3-8147-4626-9E1E-457C123D1B1E}.Debug|x64.Build.0 = Debug|Any CPU
		{A624C3C3-8147-4626-9E1E-457C123D1B1E}.Debug|x86.ActiveCfg = Debug|Any CPU
		{A624C3C3-8147-4626-9E1E-457C123D1B1E}.Debug|x86.Build.0 = Debug|Any CPU
		{A624C3C3-8147-4626-9E1E-457C123D1B1E}.Release|Any CPU.ActiveCfg = Release|Any CPU
		{A624C3C3-8147-4626-9E1E-457C123D1B1E}.Release|Any CPU.Build.0 = Release|Any CPU
		{A624C3C3-8147-4626-9E1E-457C123D1B1E}.Release|x64.ActiveCfg = Release|Any CPU
		{A624C3C3-8147-4626-9E1E-457C123D1B1E}.Release|x64.Build.0 = Release|Any CPU
		{A624C3C3-8147-4626-9E1E-457C123D1B1E}.Release|x86.ActiveCfg = Release|Any CPU
		{A624C3C3-8147-4626-9E1E-457C123D1B1E}.Release|x86.Build.0 = Release|Any CPU
		{34548EFC-EB3F-4144-8D8D-3DEE4EE03644}.Debug|Any CPU.ActiveCfg = Debug|Any CPU
		{34548EFC-EB3F-4144-8D8D-3DEE4EE03644}.Debug|Any CPU.Build.0 = Debug|Any CPU
		{34548EFC-EB3F-4144-8D8D-3DEE4EE03644}.Debug|x64.ActiveCfg = Debug|Any CPU
		{34548EFC-EB3F-4144-8D8D-3DEE4EE03644}.Debug|x64.Build.0 = Debug|Any CPU
		{34548EFC-EB3F-4144-8D8D-3DEE4EE03644}.Debug|x86.ActiveCfg = Debug|Any CPU
		{34548EFC-EB3F-4144-8D8D-3DEE4EE03644}.Debug|x86.Build.0 = Debug|Any CPU
		{34548EFC-EB3F-4144-8D8D-3DEE4EE03644}.Release|Any CPU.ActiveCfg = Release|Any CPU
		{34548EFC-EB3F-4144-8D8D-3DEE4EE03644}.Release|Any CPU.Build.0 = Release|Any CPU
		{34548EFC-EB3F-4144-8D8D-3DEE4EE03644}.Release|x64.ActiveCfg = Release|Any CPU
		{34548EFC-EB3F-4144-8D8D-3DEE4EE03644}.Release|x64.Build.0 = Release|Any CPU
		{34548EFC-EB3F-4144-8D8D-3DEE4EE03644}.Release|x86.ActiveCfg = Release|Any CPU
		{34548EFC-EB3F-4144-8D8D-3DEE4EE03644}.Release|x86.Build.0 = Release|Any CPU
	EndGlobalSection
EndGlobal
