
Microsoft Visual Studio Solution File, Format Version 12.00
# Visual Studio 15
VisualStudioVersion = 15.0.26124.0
MinimumVisualStudioVersion = 15.0.26124.0
Project("{2150E333-8FDC-42A3-9474-1A3956D46DE8}") = "src", "src", "{7C420A52-D432-410D-BDA6-F2C582B1E009}"
EndProject
Project("{FAE04EC0-301F-11D3-BF4B-00C04F79EFBC}") = "VoidCore.AspNet", "src\VoidCore.AspNet\VoidCore.AspNet.csproj", "{48D19069-330B-41BD-8EC6-262FE8A464E9}"
EndProject
Project("{FAE04EC0-301F-11D3-BF4B-00C04F79EFBC}") = "VoidCore.Domain", "src\VoidCore.Domain\VoidCore.Domain.csproj", "{E65AF368-D522-4A82-B64E-2A2989A770DF}"
EndProject
Project("{FAE04EC0-301F-11D3-BF4B-00C04F79EFBC}") = "VoidCore.Model", "src\VoidCore.Model\VoidCore.Model.csproj", "{28EA995E-555E-4DC3-BAE8-5C1C586FE652}"
EndProject
Project("{2150E333-8FDC-42A3-9474-1A3956D46DE8}") = "tests", "tests", "{250FBF5D-9A47-41F2-910C-A9EACBF0629B}"
EndProject
Project("{FAE04EC0-301F-11D3-BF4B-00C04F79EFBC}") = "VoidCore.Test", "tests\VoidCore.Test\VoidCore.Test.csproj", "{DAB7D790-8BC3-4EDE-815D-B906932E24E4}"
EndProject
Global
	GlobalSection(SolutionConfigurationPlatforms) = preSolution
		Debug|Any CPU = Debug|Any CPU
		Debug|x64 = Debug|x64
		Debug|x86 = Debug|x86
		Release|Any CPU = Release|Any CPU
		Release|x64 = Release|x64
		Release|x86 = Release|x86
	EndGlobalSection
	GlobalSection(SolutionProperties) = preSolution
		HideSolutionNode = FALSE
	EndGlobalSection
	GlobalSection(ProjectConfigurationPlatforms) = postSolution
		{48D19069-330B-41BD-8EC6-262FE8A464E9}.Debug|Any CPU.ActiveCfg = Debug|Any CPU
		{48D19069-330B-41BD-8EC6-262FE8A464E9}.Debug|Any CPU.Build.0 = Debug|Any CPU
		{48D19069-330B-41BD-8EC6-262FE8A464E9}.Debug|x64.ActiveCfg = Debug|Any CPU
		{48D19069-330B-41BD-8EC6-262FE8A464E9}.Debug|x64.Build.0 = Debug|Any CPU
		{48D19069-330B-41BD-8EC6-262FE8A464E9}.Debug|x86.ActiveCfg = Debug|Any CPU
		{48D19069-330B-41BD-8EC6-262FE8A464E9}.Debug|x86.Build.0 = Debug|Any CPU
		{48D19069-330B-41BD-8EC6-262FE8A464E9}.Release|Any CPU.ActiveCfg = Release|Any CPU
		{48D19069-330B-41BD-8EC6-262FE8A464E9}.Release|Any CPU.Build.0 = Release|Any CPU
		{48D19069-330B-41BD-8EC6-262FE8A464E9}.Release|x64.ActiveCfg = Release|Any CPU
		{48D19069-330B-41BD-8EC6-262FE8A464E9}.Release|x64.Build.0 = Release|Any CPU
		{48D19069-330B-41BD-8EC6-262FE8A464E9}.Release|x86.ActiveCfg = Release|Any CPU
		{48D19069-330B-41BD-8EC6-262FE8A464E9}.Release|x86.Build.0 = Release|Any CPU
		{E65AF368-D522-4A82-B64E-2A2989A770DF}.Debug|Any CPU.ActiveCfg = Debug|Any CPU
		{E65AF368-D522-4A82-B64E-2A2989A770DF}.Debug|Any CPU.Build.0 = Debug|Any CPU
		{E65AF368-D522-4A82-B64E-2A2989A770DF}.Debug|x64.ActiveCfg = Debug|Any CPU
		{E65AF368-D522-4A82-B64E-2A2989A770DF}.Debug|x64.Build.0 = Debug|Any CPU
		{E65AF368-D522-4A82-B64E-2A2989A770DF}.Debug|x86.ActiveCfg = Debug|Any CPU
		{E65AF368-D522-4A82-B64E-2A2989A770DF}.Debug|x86.Build.0 = Debug|Any CPU
		{E65AF368-D522-4A82-B64E-2A2989A770DF}.Release|Any CPU.ActiveCfg = Release|Any CPU
		{E65AF368-D522-4A82-B64E-2A2989A770DF}.Release|Any CPU.Build.0 = Release|Any CPU
		{E65AF368-D522-4A82-B64E-2A2989A770DF}.Release|x64.ActiveCfg = Release|Any CPU
		{E65AF368-D522-4A82-B64E-2A2989A770DF}.Release|x64.Build.0 = Release|Any CPU
		{E65AF368-D522-4A82-B64E-2A2989A770DF}.Release|x86.ActiveCfg = Release|Any CPU
		{E65AF368-D522-4A82-B64E-2A2989A770DF}.Release|x86.Build.0 = Release|Any CPU
		{28EA995E-555E-4DC3-BAE8-5C1C586FE652}.Debug|Any CPU.ActiveCfg = Debug|Any CPU
		{28EA995E-555E-4DC3-BAE8-5C1C586FE652}.Debug|Any CPU.Build.0 = Debug|Any CPU
		{28EA995E-555E-4DC3-BAE8-5C1C586FE652}.Debug|x64.ActiveCfg = Debug|Any CPU
		{28EA995E-555E-4DC3-BAE8-5C1C586FE652}.Debug|x64.Build.0 = Debug|Any CPU
		{28EA995E-555E-4DC3-BAE8-5C1C586FE652}.Debug|x86.ActiveCfg = Debug|Any CPU
		{28EA995E-555E-4DC3-BAE8-5C1C586FE652}.Debug|x86.Build.0 = Debug|Any CPU
		{28EA995E-555E-4DC3-BAE8-5C1C586FE652}.Release|Any CPU.ActiveCfg = Release|Any CPU
		{28EA995E-555E-4DC3-BAE8-5C1C586FE652}.Release|Any CPU.Build.0 = Release|Any CPU
		{28EA995E-555E-4DC3-BAE8-5C1C586FE652}.Release|x64.ActiveCfg = Release|Any CPU
		{28EA995E-555E-4DC3-BAE8-5C1C586FE652}.Release|x64.Build.0 = Release|Any CPU
		{28EA995E-555E-4DC3-BAE8-5C1C586FE652}.Release|x86.ActiveCfg = Release|Any CPU
		{28EA995E-555E-4DC3-BAE8-5C1C586FE652}.Release|x86.Build.0 = Release|Any CPU
		{DAB7D790-8BC3-4EDE-815D-B906932E24E4}.Debug|Any CPU.ActiveCfg = Debug|Any CPU
		{DAB7D790-8BC3-4EDE-815D-B906932E24E4}.Debug|Any CPU.Build.0 = Debug|Any CPU
		{DAB7D790-8BC3-4EDE-815D-B906932E24E4}.Debug|x64.ActiveCfg = Debug|Any CPU
		{DAB7D790-8BC3-4EDE-815D-B906932E24E4}.Debug|x64.Build.0 = Debug|Any CPU
		{DAB7D790-8BC3-4EDE-815D-B906932E24E4}.Debug|x86.ActiveCfg = Debug|Any CPU
		{DAB7D790-8BC3-4EDE-815D-B906932E24E4}.Debug|x86.Build.0 = Debug|Any CPU
		{DAB7D790-8BC3-4EDE-815D-B906932E24E4}.Release|Any CPU.ActiveCfg = Release|Any CPU
		{DAB7D790-8BC3-4EDE-815D-B906932E24E4}.Release|Any CPU.Build.0 = Release|Any CPU
		{DAB7D790-8BC3-4EDE-815D-B906932E24E4}.Release|x64.ActiveCfg = Release|Any CPU
		{DAB7D790-8BC3-4EDE-815D-B906932E24E4}.Release|x64.Build.0 = Release|Any CPU
		{DAB7D790-8BC3-4EDE-815D-B906932E24E4}.Release|x86.ActiveCfg = Release|Any CPU
		{DAB7D790-8BC3-4EDE-815D-B906932E24E4}.Release|x86.Build.0 = Release|Any CPU
	EndGlobalSection
	GlobalSection(NestedProjects) = preSolution
		{48D19069-330B-41BD-8EC6-262FE8A464E9} = {7C420A52-D432-410D-BDA6-F2C582B1E009}
		{E65AF368-D522-4A82-B64E-2A2989A770DF} = {7C420A52-D432-410D-BDA6-F2C582B1E009}
		{28EA995E-555E-4DC3-BAE8-5C1C586FE652} = {7C420A52-D432-410D-BDA6-F2C582B1E009}
		{DAB7D790-8BC3-4EDE-815D-B906932E24E4} = {250FBF5D-9A47-41F2-910C-A9EACBF0629B}
	EndGlobalSection
EndGlobal
