
Microsoft Visual Studio Solution File, Format Version 12.00
# Visual Studio 15
VisualStudioVersion = 15.0.26124.0
MinimumVisualStudioVersion = 15.0.26124.0
Project("{2150E333-8FDC-42A3-9474-1A3956D46DE8}") = "src", "src", "{1B7B8983-60DA-4919-8E43-85EDB71DA65D}"
EndProject
Project("{FAE04EC0-301F-11D3-BF4B-00C04F79EFBC}") = "VoidCore.AspNet", "src\VoidCore.AspNet\VoidCore.AspNet.csproj", "{1BF7BF58-3705-48DC-9EA1-3CECB9A8AA88}"
EndProject
Project("{FAE04EC0-301F-11D3-BF4B-00C04F79EFBC}") = "VoidCore.Domain", "src\VoidCore.Domain\VoidCore.Domain.csproj", "{837F4ED8-95CF-4698-970C-46D738CFD336}"
EndProject
Project("{FAE04EC0-301F-11D3-BF4B-00C04F79EFBC}") = "VoidCore.EntityFramework", "src\VoidCore.EntityFramework\VoidCore.EntityFramework.csproj", "{63DDB090-36F3-46F4-B0EE-5D117E72A44F}"
EndProject
Project("{FAE04EC0-301F-11D3-BF4B-00C04F79EFBC}") = "VoidCore.Model", "src\VoidCore.Model\VoidCore.Model.csproj", "{EE10F73A-15DE-4BE6-AA6A-D37D7002B4C4}"
EndProject
Project("{2150E333-8FDC-42A3-9474-1A3956D46DE8}") = "tests", "tests", "{728E12C7-3FF8-4EC0-B7B9-1DD64BAA2DFC}"
EndProject
Project("{FAE04EC0-301F-11D3-BF4B-00C04F79EFBC}") = "VoidCore.Test", "tests\VoidCore.Test\VoidCore.Test.csproj", "{7FEE45E7-52C8-4CFD-943D-6D2622BF2241}"
EndProject
Global
	GlobalSection(SolutionConfigurationPlatforms) = preSolution
		Debug|Any CPU = Debug|Any CPU
		Debug|x64 = Debug|x64
		Debug|x86 = Debug|x86
		Release|Any CPU = Release|Any CPU
		Release|x64 = Release|x64
		Release|x86 = Release|x86
	EndGlobalSection
	GlobalSection(SolutionProperties) = preSolution
		HideSolutionNode = FALSE
	EndGlobalSection
	GlobalSection(ProjectConfigurationPlatforms) = postSolution
		{1BF7BF58-3705-48DC-9EA1-3CECB9A8AA88}.Debug|Any CPU.ActiveCfg = Debug|Any CPU
		{1BF7BF58-3705-48DC-9EA1-3CECB9A8AA88}.Debug|Any CPU.Build.0 = Debug|Any CPU
		{1BF7BF58-3705-48DC-9EA1-3CECB9A8AA88}.Debug|x64.ActiveCfg = Debug|Any CPU
		{1BF7BF58-3705-48DC-9EA1-3CECB9A8AA88}.Debug|x64.Build.0 = Debug|Any CPU
		{1BF7BF58-3705-48DC-9EA1-3CECB9A8AA88}.Debug|x86.ActiveCfg = Debug|Any CPU
		{1BF7BF58-3705-48DC-9EA1-3CECB9A8AA88}.Debug|x86.Build.0 = Debug|Any CPU
		{1BF7BF58-3705-48DC-9EA1-3CECB9A8AA88}.Release|Any CPU.ActiveCfg = Release|Any CPU
		{1BF7BF58-3705-48DC-9EA1-3CECB9A8AA88}.Release|Any CPU.Build.0 = Release|Any CPU
		{1BF7BF58-3705-48DC-9EA1-3CECB9A8AA88}.Release|x64.ActiveCfg = Release|Any CPU
		{1BF7BF58-3705-48DC-9EA1-3CECB9A8AA88}.Release|x64.Build.0 = Release|Any CPU
		{1BF7BF58-3705-48DC-9EA1-3CECB9A8AA88}.Release|x86.ActiveCfg = Release|Any CPU
		{1BF7BF58-3705-48DC-9EA1-3CECB9A8AA88}.Release|x86.Build.0 = Release|Any CPU
		{837F4ED8-95CF-4698-970C-46D738CFD336}.Debug|Any CPU.ActiveCfg = Debug|Any CPU
		{837F4ED8-95CF-4698-970C-46D738CFD336}.Debug|Any CPU.Build.0 = Debug|Any CPU
		{837F4ED8-95CF-4698-970C-46D738CFD336}.Debug|x64.ActiveCfg = Debug|Any CPU
		{837F4ED8-95CF-4698-970C-46D738CFD336}.Debug|x64.Build.0 = Debug|Any CPU
		{837F4ED8-95CF-4698-970C-46D738CFD336}.Debug|x86.ActiveCfg = Debug|Any CPU
		{837F4ED8-95CF-4698-970C-46D738CFD336}.Debug|x86.Build.0 = Debug|Any CPU
		{837F4ED8-95CF-4698-970C-46D738CFD336}.Release|Any CPU.ActiveCfg = Release|Any CPU
		{837F4ED8-95CF-4698-970C-46D738CFD336}.Release|Any CPU.Build.0 = Release|Any CPU
		{837F4ED8-95CF-4698-970C-46D738CFD336}.Release|x64.ActiveCfg = Release|Any CPU
		{837F4ED8-95CF-4698-970C-46D738CFD336}.Release|x64.Build.0 = Release|Any CPU
		{837F4ED8-95CF-4698-970C-46D738CFD336}.Release|x86.ActiveCfg = Release|Any CPU
		{837F4ED8-95CF-4698-970C-46D738CFD336}.Release|x86.Build.0 = Release|Any CPU
		{63DDB090-36F3-46F4-B0EE-5D117E72A44F}.Debug|Any CPU.ActiveCfg = Debug|Any CPU
		{63DDB090-36F3-46F4-B0EE-5D117E72A44F}.Debug|Any CPU.Build.0 = Debug|Any CPU
		{63DDB090-36F3-46F4-B0EE-5D117E72A44F}.Debug|x64.ActiveCfg = Debug|Any CPU
		{63DDB090-36F3-46F4-B0EE-5D117E72A44F}.Debug|x64.Build.0 = Debug|Any CPU
		{63DDB090-36F3-46F4-B0EE-5D117E72A44F}.Debug|x86.ActiveCfg = Debug|Any CPU
		{63DDB090-36F3-46F4-B0EE-5D117E72A44F}.Debug|x86.Build.0 = Debug|Any CPU
		{63DDB090-36F3-46F4-B0EE-5D117E72A44F}.Release|Any CPU.ActiveCfg = Release|Any CPU
		{63DDB090-36F3-46F4-B0EE-5D117E72A44F}.Release|Any CPU.Build.0 = Release|Any CPU
		{63DDB090-36F3-46F4-B0EE-5D117E72A44F}.Release|x64.ActiveCfg = Release|Any CPU
		{63DDB090-36F3-46F4-B0EE-5D117E72A44F}.Release|x64.Build.0 = Release|Any CPU
		{63DDB090-36F3-46F4-B0EE-5D117E72A44F}.Release|x86.ActiveCfg = Release|Any CPU
		{63DDB090-36F3-46F4-B0EE-5D117E72A44F}.Release|x86.Build.0 = Release|Any CPU
		{EE10F73A-15DE-4BE6-AA6A-D37D7002B4C4}.Debug|Any CPU.ActiveCfg = Debug|Any CPU
		{EE10F73A-15DE-4BE6-AA6A-D37D7002B4C4}.Debug|Any CPU.Build.0 = Debug|Any CPU
		{EE10F73A-15DE-4BE6-AA6A-D37D7002B4C4}.Debug|x64.ActiveCfg = Debug|Any CPU
		{EE10F73A-15DE-4BE6-AA6A-D37D7002B4C4}.Debug|x64.Build.0 = Debug|Any CPU
		{EE10F73A-15DE-4BE6-AA6A-D37D7002B4C4}.Debug|x86.ActiveCfg = Debug|Any CPU
		{EE10F73A-15DE-4BE6-AA6A-D37D7002B4C4}.Debug|x86.Build.0 = Debug|Any CPU
		{EE10F73A-15DE-4BE6-AA6A-D37D7002B4C4}.Release|Any CPU.ActiveCfg = Release|Any CPU
		{EE10F73A-15DE-4BE6-AA6A-D37D7002B4C4}.Release|Any CPU.Build.0 = Release|Any CPU
		{EE10F73A-15DE-4BE6-AA6A-D37D7002B4C4}.Release|x64.ActiveCfg = Release|Any CPU
		{EE10F73A-15DE-4BE6-AA6A-D37D7002B4C4}.Release|x64.Build.0 = Release|Any CPU
		{EE10F73A-15DE-4BE6-AA6A-D37D7002B4C4}.Release|x86.ActiveCfg = Release|Any CPU
		{EE10F73A-15DE-4BE6-AA6A-D37D7002B4C4}.Release|x86.Build.0 = Release|Any CPU
		{7FEE45E7-52C8-4CFD-943D-6D2622BF2241}.Debug|Any CPU.ActiveCfg = Debug|Any CPU
		{7FEE45E7-52C8-4CFD-943D-6D2622BF2241}.Debug|Any CPU.Build.0 = Debug|Any CPU
		{7FEE45E7-52C8-4CFD-943D-6D2622BF2241}.Debug|x64.ActiveCfg = Debug|Any CPU
		{7FEE45E7-52C8-4CFD-943D-6D2622BF2241}.Debug|x64.Build.0 = Debug|Any CPU
		{7FEE45E7-52C8-4CFD-943D-6D2622BF2241}.Debug|x86.ActiveCfg = Debug|Any CPU
		{7FEE45E7-52C8-4CFD-943D-6D2622BF2241}.Debug|x86.Build.0 = Debug|Any CPU
		{7FEE45E7-52C8-4CFD-943D-6D2622BF2241}.Release|Any CPU.ActiveCfg = Release|Any CPU
		{7FEE45E7-52C8-4CFD-943D-6D2622BF2241}.Release|Any CPU.Build.0 = Release|Any CPU
		{7FEE45E7-52C8-4CFD-943D-6D2622BF2241}.Release|x64.ActiveCfg = Release|Any CPU
		{7FEE45E7-52C8-4CFD-943D-6D2622BF2241}.Release|x64.Build.0 = Release|Any CPU
		{7FEE45E7-52C8-4CFD-943D-6D2622BF2241}.Release|x86.ActiveCfg = Release|Any CPU
		{7FEE45E7-52C8-4CFD-943D-6D2622BF2241}.Release|x86.Build.0 = Release|Any CPU
	EndGlobalSection
	GlobalSection(NestedProjects) = preSolution
		{1BF7BF58-3705-48DC-9EA1-3CECB9A8AA88} = {1B7B8983-60DA-4919-8E43-85EDB71DA65D}
		{837F4ED8-95CF-4698-970C-46D738CFD336} = {1B7B8983-60DA-4919-8E43-85EDB71DA65D}
		{63DDB090-36F3-46F4-B0EE-5D117E72A44F} = {1B7B8983-60DA-4919-8E43-85EDB71DA65D}
		{EE10F73A-15DE-4BE6-AA6A-D37D7002B4C4} = {1B7B8983-60DA-4919-8E43-85EDB71DA65D}
		{7FEE45E7-52C8-4CFD-943D-6D2622BF2241} = {728E12C7-3FF8-4EC0-B7B9-1DD64BAA2DFC}
	EndGlobalSection
EndGlobal
